{
  "requires": true,
  "lockfileVersion": 1,
  "dependencies": {
    "react-timer-hook": {
      "version": "2.0.3",
      "resolved": "https://registry.npmjs.org/react-timer-hook/-/react-timer-hook-2.0.3.tgz",
      "integrity": "sha512-9+O4P0m+ALzAoJXyDx/enxefWLXjkiX3SmU2sssHv1JT6hWSacMTqotT0nvD+zaoAwS0fgnOaKUGe0R/r4TyaQ=="
    }
  }
}
